
Microsoft Visual Studio Solution File, Format Version 11.00
# Visual Studio 2010
Project("{FAE04EC0-301F-11D3-BF4B-00C04F79EFBC}") = "SATIŞ VE ADET", "WindowsFormsApplication4\SATIŞ VE ADET.csproj", "{1A5E43E7-77C0-4C5A-A6D6-B46AA8A89576}"
EndProject
Global
	GlobalSection(SolutionConfigurationPlatforms) = preSolution
		Debug|x86 = Debug|x86
		Release|x86 = Release|x86
	EndGlobalSection
	GlobalSection(ProjectConfigurationPlatforms) = postSolution
		{1A5E43E7-77C0-4C5A-A6D6-B46AA8A89576}.Debug|x86.ActiveCfg = Debug|x86
		{1A5E43E7-77C0-4C5A-A6D6-B46AA8A89576}.Debug|x86.Build.0 = Debug|x86
		{1A5E43E7-77C0-4C5A-A6D6-B46AA8A89576}.Release|x86.ActiveCfg = Release|x86
		{1A5E43E7-77C0-4C5A-A6D6-B46AA8A89576}.Release|x86.Build.0 = Release|x86
	EndGlobalSection
	GlobalSection(SolutionProperties) = preSolution
		HideSolutionNode = FALSE
	EndGlobalSection
EndGlobal
